
Microsoft Visual Studio Solution File, Format Version 12.00
# Visual Studio Version 17
VisualStudioVersion = 17.7.34031.279
MinimumVisualStudioVersion = 10.0.40219.1
Project("{FAE04EC0-301F-11D3-BF4B-00C04F79EFBC}") = "okul_sistemi", "okul_sistemi\okul_sistemi.csproj", "{B5A3900B-678B-4C99-AAF9-B0875E49261B}"
EndProject
Global
	GlobalSection(SolutionConfigurationPlatforms) = preSolution
		Debug|Any CPU = Debug|Any CPU
		Release|Any CPU = Release|Any CPU
	EndGlobalSection
	GlobalSection(ProjectConfigurationPlatforms) = postSolution
		{B5A3900B-678B-4C99-AAF9-B0875E49261B}.Debug|Any CPU.ActiveCfg = Debug|Any CPU
		{B5A3900B-678B-4C99-AAF9-B0875E49261B}.Debug|Any CPU.Build.0 = Debug|Any CPU
		{B5A3900B-678B-4C99-AAF9-B0875E49261B}.Release|Any CPU.ActiveCfg = Release|Any CPU
		{B5A3900B-678B-4C99-AAF9-B0875E49261B}.Release|Any CPU.Build.0 = Release|Any CPU
	EndGlobalSection
	GlobalSection(SolutionProperties) = preSolution
		HideSolutionNode = FALSE
	EndGlobalSection
	GlobalSection(ExtensibilityGlobals) = postSolution
		SolutionGuid = {E709C628-F271-4538-97BD-647A3DE44544}
	EndGlobalSection
EndGlobal
